{
  "name": "bun-server",
  "lockfileVersion": 3,
  "requires": true,
  "packages": {
    "": {
      "name": "bun-server",
      "devDependencies": {
        "@types/bun": "~1.2.17",
        "bun": "~1.2.17"
      },
      "peerDependencies": {
        "typescript": "^5.0.0"
      }
    },
    "node_modules/@oven/bun-darwin-aarch64": {
      "version": "1.2.17",
      "resolved": "https://bin.swisscom.com/artifactory/api/npm/oce-shared-npm-virtual/@oven/bun-darwin-aarch64/-/bun-darwin-aarch64-1.2.17.tgz",
      "integrity": "sha512-66Xjz3NZXUUWKZJPvWKuwEkaqMZpir1Gm4SbhbB2iiRSSTW8jqwdkSb9RhgTCDt5OnSPd3+Cq0WsP/T5ExJbhA==",
      "cpu": [
        "arm64"
      ],
      "dev": true,
      "optional": true,
      "os": [
        "darwin"
      ]
    },
    "node_modules/@oven/bun-darwin-x64": {
      "version": "1.2.17",
      "resolved": "https://bin.swisscom.com/artifactory/api/npm/oce-shared-npm-virtual/@oven/bun-darwin-x64/-/bun-darwin-x64-1.2.17.tgz",
      "integrity": "sha512-OMJMHpcpBlWcVnWfSQ6x+8fF7HpkQLqBfoIvzxgUjIZZvj2d8K46XX4N/h62RglDEinRC9VDGxt24vwvlk5tTw==",
      "cpu": [
        "x64"
      ],
      "dev": true,
      "optional": true,
      "os": [
        "darwin"
      ]
    },
    "node_modules/@oven/bun-darwin-x64-baseline": {
      "version": "1.2.17",
      "resolved": "https://bin.swisscom.com/artifactory/api/npm/oce-shared-npm-virtual/@oven/bun-darwin-x64-baseline/-/bun-darwin-x64-baseline-1.2.17.tgz",
      "integrity": "sha512-VSIctl90tV8yg1LRMvPg/8LgUzl55Q7Jcxe+u6PfuvLQIJOTIPbNn7HtRpJg7MGc3+qyztB5KDd70xC7qI2yEg==",
      "cpu": [
        "x64"
      ],
      "dev": true,
      "optional": true,
      "os": [
        "darwin"
      ]
    },
    "node_modules/@oven/bun-linux-aarch64": {
      "version": "1.2.17",
      "resolved": "https://bin.swisscom.com/artifactory/api/npm/oce-shared-npm-virtual/@oven/bun-linux-aarch64/-/bun-linux-aarch64-1.2.17.tgz",
      "integrity": "sha512-KPoMqaibCXcSv+VZ3uMqKUNZqMxE6Hho1be6+laolYGOIJxJTMnZPfmKfIlQmnnW3vLlm3g2Rm8pPPC7doSHWg==",
      "cpu": [
        "arm64"
      ],
      "dev": true,
      "optional": true,
      "os": [
        "linux"
      ]
    },
    "node_modules/@oven/bun-linux-aarch64-musl": {
      "version": "1.2.17",
      "resolved": "https://bin.swisscom.com/artifactory/api/npm/oce-shared-npm-virtual/@oven/bun-linux-aarch64-musl/-/bun-linux-aarch64-musl-1.2.17.tgz",
      "integrity": "sha512-PH+hUV+I6DGD1VRHdAIAKEAOed+GSdvn6S1b3qqX27/VuHBU781V+hzt+6DBlcWBHYLw8PIg9sfIdNp485gQmw==",
      "cpu": [
        "aarch64"
      ],
      "dev": true,
      "optional": true,
      "os": [
        "linux"
      ]
    },
    "node_modules/@oven/bun-linux-x64": {
      "version": "1.2.17",
      "resolved": "https://bin.swisscom.com/artifactory/api/npm/oce-shared-npm-virtual/@oven/bun-linux-x64/-/bun-linux-x64-1.2.17.tgz",
      "integrity": "sha512-BfySnrTxp7D9hVUi9JEpviJl8ndsuESiRiQKTzgmdTLrMjUxP4SwrwMtYt6R9X20n9rREG6a47C0IyQMhbwG/g==",
      "cpu": [
        "x64"
      ],
      "dev": true,
      "optional": true,
      "os": [
        "linux"
      ]
    },
    "node_modules/@oven/bun-linux-x64-baseline": {
      "version": "1.2.17",
      "resolved": "https://bin.swisscom.com/artifactory/api/npm/oce-shared-npm-virtual/@oven/bun-linux-x64-baseline/-/bun-linux-x64-baseline-1.2.17.tgz",
      "integrity": "sha512-IrnFMUwYWxoKICQgK8ZlJ6rI/HU2gITFNEW0MIOPIcuT0s3j0/33631M9EzYDoL4NuLQPks6569JDvSHEVqdeA==",
      "cpu": [
        "x64"
      ],
      "dev": true,
      "optional": true,
      "os": [
        "linux"
      ]
    },
    "node_modules/@oven/bun-linux-x64-musl": {
      "version": "1.2.17",
      "resolved": "https://bin.swisscom.com/artifactory/api/npm/oce-shared-npm-virtual/@oven/bun-linux-x64-musl/-/bun-linux-x64-musl-1.2.17.tgz",
      "integrity": "sha512-fW9qn/WqO131/qSIkIPW8zN+thQnYUWa/k98EWubLG87htKSPh1v023E5ikKb7WlUv4Yb6UlE/z4NmMYKffmAg==",
      "cpu": [
        "x64"
      ],
      "dev": true,
      "optional": true,
      "os": [
        "linux"
      ]
    },
    "node_modules/@oven/bun-linux-x64-musl-baseline": {
      "version": "1.2.17",
      "resolved": "https://bin.swisscom.com/artifactory/api/npm/oce-shared-npm-virtual/@oven/bun-linux-x64-musl-baseline/-/bun-linux-x64-musl-baseline-1.2.17.tgz",
      "integrity": "sha512-YE5wQ/YA79BykMLhuwgdoF8Yjj5dRipD8dwmXs8n7gzR+/L9tL7Q69NQgskW2KkAalmWPoGAv3TV0IwbU+1dFw==",
      "cpu": [
        "x64"
      ],
      "dev": true,
      "optional": true,
      "os": [
        "linux"
      ]
    },
    "node_modules/@oven/bun-windows-x64": {
      "version": "1.2.17",
      "resolved": "https://bin.swisscom.com/artifactory/api/npm/oce-shared-npm-virtual/@oven/bun-windows-x64/-/bun-windows-x64-1.2.17.tgz",
      "integrity": "sha512-GJUg1oA59DWH6eyV8uccpgfTEVxjmgfTWQCOl2ySMXR3IfRoFwS4aQfpjcVzNmEZrv8eYt+yMuw1K7aNcWTTIg==",
      "cpu": [
        "x64"
      ],
      "dev": true,
      "optional": true,
      "os": [
        "win32"
      ]
    },
    "node_modules/@oven/bun-windows-x64-baseline": {
      "version": "1.2.17",
      "resolved": "https://bin.swisscom.com/artifactory/api/npm/oce-shared-npm-virtual/@oven/bun-windows-x64-baseline/-/bun-windows-x64-baseline-1.2.17.tgz",
      "integrity": "sha512-aVkq4l1yZ9VKfBOtZ2HEj0OCU5kUe3Fx6LbAG6oY6OglWVYj051i3RGaE2OdR4L4F2jDyxzfGYRTM/qs8nU5qA==",
      "cpu": [
        "x64"
      ],
      "dev": true,
      "optional": true,
      "os": [
        "win32"
      ]
    },
    "node_modules/@types/bun": {
      "version": "1.2.17",
      "resolved": "https://bin.swisscom.com/artifactory/api/npm/oce-shared-npm-virtual/@types/bun/-/bun-1.2.17.tgz",
      "integrity": "sha512-l/BYs/JYt+cXA/0+wUhulYJB6a6p//GTPiJ7nV+QHa8iiId4HZmnu/3J/SowP5g0rTiERY2kfGKXEK5Ehltx4Q==",
      "dev": true,
      "dependencies": {
        "bun-types": "1.2.17"
      }
    },
    "node_modules/@types/node": {
      "version": "24.0.3",
      "resolved": "https://bin.swisscom.com/artifactory/api/npm/oce-shared-npm-virtual/@types/node/-/node-24.0.3.tgz",
      "integrity": "sha512-R4I/kzCYAdRLzfiCabn9hxWfbuHS573x+r0dJMkkzThEa7pbrcDWK+9zu3e7aBOouf+rQAciqPFMnxwr0aWgKg==",
      "dev": true,
      "dependencies": {
        "undici-types": "~7.8.0"
      }
    },
    "node_modules/bun": {
      "version": "1.2.17",
      "resolved": "https://bin.swisscom.com/artifactory/api/npm/oce-shared-npm-virtual/bun/-/bun-1.2.17.tgz",
      "integrity": "sha512-lrUZTWS24eVy6v+Eph8VTwqFPcG7/XQ0rLBQEMNoQs2Vd7ctVdMGAzJKKGZRUQH+rgkD8rBeHGIVoWxX4vJLCA==",
      "cpu": [
        "arm64",
        "x64",
        "aarch64"
      ],
      "dev": true,
      "hasInstallScript": true,
      "os": [
        "darwin",
        "linux",
        "win32"
      ],
      "bin": {
        "bun": "bin/bun.exe",
        "bunx": "bin/bunx.exe"
      },
      "optionalDependencies": {
        "@oven/bun-darwin-aarch64": "1.2.17",
        "@oven/bun-darwin-x64": "1.2.17",
        "@oven/bun-darwin-x64-baseline": "1.2.17",
        "@oven/bun-linux-aarch64": "1.2.17",
        "@oven/bun-linux-aarch64-musl": "1.2.17",
        "@oven/bun-linux-x64": "1.2.17",
        "@oven/bun-linux-x64-baseline": "1.2.17",
        "@oven/bun-linux-x64-musl": "1.2.17",
        "@oven/bun-linux-x64-musl-baseline": "1.2.17",
        "@oven/bun-windows-x64": "1.2.17",
        "@oven/bun-windows-x64-baseline": "1.2.17"
      }
    },
    "node_modules/bun-types": {
      "version": "1.2.17",
      "resolved": "https://bin.swisscom.com/artifactory/api/npm/oce-shared-npm-virtual/bun-types/-/bun-types-1.2.17.tgz",
      "integrity": "sha512-ElC7ItwT3SCQwYZDYoAH+q6KT4Fxjl8DtZ6qDulUFBmXA8YB4xo+l54J9ZJN+k2pphfn9vk7kfubeSd5QfTVJQ==",
      "dev": true,
      "dependencies": {
        "@types/node": "*"
      }
    },
    "node_modules/typescript": {
      "version": "5.8.3",
      "resolved": "https://bin.swisscom.com/artifactory/api/npm/oce-shared-npm-virtual/typescript/-/typescript-5.8.3.tgz",
      "integrity": "sha512-p1diW6TqL9L07nNxvRMM7hMMw4c5XOo/1ibL4aAIGmSAt9slTE1Xgw5KWuof2uTOvCg9BY7ZRi+GaF+7sfgPeQ==",
      "peer": true,
      "bin": {
        "tsc": "bin/tsc",
        "tsserver": "bin/tsserver"
      },
      "engines": {
        "node": ">=14.17"
      }
    },
    "node_modules/undici-types": {
      "version": "7.8.0",
      "resolved": "https://bin.swisscom.com/artifactory/api/npm/oce-shared-npm-virtual/undici-types/-/undici-types-7.8.0.tgz",
      "integrity": "sha512-9UJ2xGDvQ43tYyVMpuHlsgApydB8ZKfVYTsLDhXkFL/6gfkp+U8xTGdh8pMJv1SpZna0zxG1DwsKZsreLbXBxw==",
      "dev": true
    }
  }
}
